{
  "originHash" : "396430b3617138a4b414a6e08087b9b83017aa67453d89db2eba8a56891fb972",
  "pins" : [
    {
      "identity" : "llama.cpp",
      "kind" : "remoteSourceControl",
      "location" : "https://github.com/ggerganov/llama.cpp",
      "state" : {
        "branch" : "d583cd0",
        "revision" : "d583cd03f663701858ba152a334cbb467fabe342"
      }
    }
  ],
  "version" : 3
}
